// !$*UTF8*$!
{
	archiveVersion = 1;
	classes = {
	};
	objectVersion = 50;
	objects = {

/* Begin PBXBuildFile section */
		3025C91326F8F8B30036A061 /* StoriesListingView.swift in Sources */ = {isa = PBXBuildFile; fileRef = 3025C91226F8F8B30036A061 /* StoriesListingView.swift */; };
		3025C91C26F8FE420036A061 /* DetailCommentView.swift in Sources */ = {isa = PBXBuildFile; fileRef = 3025C91B26F8FE420036A061 /* DetailCommentView.swift */; };
		305FDAC926FCE8DC001C28A3 /* SavedHNMainView.swift in Sources */ = {isa = PBXBuildFile; fileRef = 305FDAC826FCE8DC001C28A3 /* SavedHNMainView.swift */; };
		305FDACD26FCE986001C28A3 /* UserSettings.swift in Sources */ = {isa = PBXBuildFile; fileRef = 305FDACC26FCE986001C28A3 /* UserSettings.swift */; };
		305FDAD026FDF8D8001C28A3 /* SelectionPickerView.swift in Sources */ = {isa = PBXBuildFile; fileRef = 305FDACF26FDF8D8001C28A3 /* SelectionPickerView.swift */; };
		305FDAD226FE0AEC001C28A3 /* SelectionPill.swift in Sources */ = {isa = PBXBuildFile; fileRef = 305FDAD126FE0AEC001C28A3 /* SelectionPill.swift */; };
		305FDAD526FE3237001C28A3 /* SavedStoryType.swift in Sources */ = {isa = PBXBuildFile; fileRef = 305FDAD426FE3237001C28A3 /* SavedStoryType.swift */; };
		305FDAD726FE3433001C28A3 /* SavedListElementView.swift in Sources */ = {isa = PBXBuildFile; fileRef = 305FDAD626FE3433001C28A3 /* SavedListElementView.swift */; };
		309C81B026F654A90092D42C /* Hacker_NewsApp.swift in Sources */ = {isa = PBXBuildFile; fileRef = 309C81AF26F654A90092D42C /* Hacker_NewsApp.swift */; };
		309C81B226F654A90092D42C /* ContentView.swift in Sources */ = {isa = PBXBuildFile; fileRef = 309C81B126F654A90092D42C /* ContentView.swift */; };
		309C81B426F654AA0092D42C /* Assets.xcassets in Resources */ = {isa = PBXBuildFile; fileRef = 309C81B326F654AA0092D42C /* Assets.xcassets */; };
		309C81B726F654AA0092D42C /* Preview Assets.xcassets in Resources */ = {isa = PBXBuildFile; fileRef = 309C81B626F654AA0092D42C /* Preview Assets.xcassets */; };
		309C81C326F6560F0092D42C /* StoriesHNMainView.swift in Sources */ = {isa = PBXBuildFile; fileRef = 309C81C226F6560F0092D42C /* StoriesHNMainView.swift */; };
		309C81C526F656180092D42C /* AskHNMainView.swift in Sources */ = {isa = PBXBuildFile; fileRef = 309C81C426F656180092D42C /* AskHNMainView.swift */; };
		309C81CA26F6563F0092D42C /* ShowHNMainView.swift in Sources */ = {isa = PBXBuildFile; fileRef = 309C81C926F6563F0092D42C /* ShowHNMainView.swift */; };
		309C81CC26F656460092D42C /* JobsHNMainView.swift in Sources */ = {isa = PBXBuildFile; fileRef = 309C81CB26F656460092D42C /* JobsHNMainView.swift */; };
		309C81CE26F656500092D42C /* SettingsHNMainView.swift in Sources */ = {isa = PBXBuildFile; fileRef = 309C81CD26F656500092D42C /* SettingsHNMainView.swift */; };
		309C81D526F65C520092D42C /* HNNetworkManager.swift in Sources */ = {isa = PBXBuildFile; fileRef = 309C81D426F65C520092D42C /* HNNetworkManager.swift */; };
		309C81D726F65C5E0092D42C /* StoryResponseType.swift in Sources */ = {isa = PBXBuildFile; fileRef = 309C81D626F65C5E0092D42C /* StoryResponseType.swift */; };
		309C81D926F6612A0092D42C /* CommentResponseType.swift in Sources */ = {isa = PBXBuildFile; fileRef = 309C81D826F6612A0092D42C /* CommentResponseType.swift */; };
		309C81DB26F661DF0092D42C /* JobResponseType.swift in Sources */ = {isa = PBXBuildFile; fileRef = 309C81DA26F661DF0092D42C /* JobResponseType.swift */; };
		309C81DD26F661E70092D42C /* PollResponseType.swift in Sources */ = {isa = PBXBuildFile; fileRef = 309C81DC26F661E70092D42C /* PollResponseType.swift */; };
		309C81EB26F6825C0092D42C /* StoryCategories.swift in Sources */ = {isa = PBXBuildFile; fileRef = 309C81EA26F6825C0092D42C /* StoryCategories.swift */; };
		309C81F326F695E40092D42C /* NetworkError.swift in Sources */ = {isa = PBXBuildFile; fileRef = 309C81F226F695E40092D42C /* NetworkError.swift */; };
		309C81F626F69DD20092D42C /* ListElementView.swift in Sources */ = {isa = PBXBuildFile; fileRef = 309C81F526F69DD20092D42C /* ListElementView.swift */; };
		309C81FD26F6AA760092D42C /* DetailView.swift in Sources */ = {isa = PBXBuildFile; fileRef = 309C81FC26F6AA760092D42C /* DetailView.swift */; };
		309C81FF26F6AEED0092D42C /* ResponseType.swift in Sources */ = {isa = PBXBuildFile; fileRef = 309C81FE26F6AEED0092D42C /* ResponseType.swift */; };
/* End PBXBuildFile section */

/* Begin PBXFileReference section */
		3025C91226F8F8B30036A061 /* StoriesListingView.swift */ = {isa = PBXFileReference; lastKnownFileType = sourcecode.swift; path = StoriesListingView.swift; sourceTree = "<group>"; };
		3025C91B26F8FE420036A061 /* DetailCommentView.swift */ = {isa = PBXFileReference; lastKnownFileType = sourcecode.swift; path = DetailCommentView.swift; sourceTree = "<group>"; };
		305FDAC826FCE8DC001C28A3 /* SavedHNMainView.swift */ = {isa = PBXFileReference; lastKnownFileType = sourcecode.swift; path = SavedHNMainView.swift; sourceTree = "<group>"; };
		305FDACC26FCE986001C28A3 /* UserSettings.swift */ = {isa = PBXFileReference; lastKnownFileType = sourcecode.swift; path = UserSettings.swift; sourceTree = "<group>"; };
		305FDACF26FDF8D8001C28A3 /* SelectionPickerView.swift */ = {isa = PBXFileReference; lastKnownFileType = sourcecode.swift; path = SelectionPickerView.swift; sourceTree = "<group>"; };
		305FDAD126FE0AEC001C28A3 /* SelectionPill.swift */ = {isa = PBXFileReference; lastKnownFileType = sourcecode.swift; path = SelectionPill.swift; sourceTree = "<group>"; };
		305FDAD426FE3237001C28A3 /* SavedStoryType.swift */ = {isa = PBXFileReference; lastKnownFileType = sourcecode.swift; path = SavedStoryType.swift; sourceTree = "<group>"; };
		305FDAD626FE3433001C28A3 /* SavedListElementView.swift */ = {isa = PBXFileReference; lastKnownFileType = sourcecode.swift; path = SavedListElementView.swift; sourceTree = "<group>"; };
		309C81AC26F654A90092D42C /* Hacker News.app */ = {isa = PBXFileReference; explicitFileType = wrapper.application; includeInIndex = 0; path = "Hacker News.app"; sourceTree = BUILT_PRODUCTS_DIR; };
		309C81AF26F654A90092D42C /* Hacker_NewsApp.swift */ = {isa = PBXFileReference; lastKnownFileType = sourcecode.swift; path = Hacker_NewsApp.swift; sourceTree = "<group>"; };
		309C81B126F654A90092D42C /* ContentView.swift */ = {isa = PBXFileReference; lastKnownFileType = sourcecode.swift; path = ContentView.swift; sourceTree = "<group>"; };
		309C81B326F654AA0092D42C /* Assets.xcassets */ = {isa = PBXFileReference; lastKnownFileType = folder.assetcatalog; path = Assets.xcassets; sourceTree = "<group>"; };
		309C81B626F654AA0092D42C /* Preview Assets.xcassets */ = {isa = PBXFileReference; lastKnownFileType = folder.assetcatalog; path = "Preview Assets.xcassets"; sourceTree = "<group>"; };
		309C81B826F654AA0092D42C /* Info.plist */ = {isa = PBXFileReference; lastKnownFileType = text.plist.xml; path = Info.plist; sourceTree = "<group>"; };
		309C81C226F6560F0092D42C /* StoriesHNMainView.swift */ = {isa = PBXFileReference; lastKnownFileType = sourcecode.swift; path = StoriesHNMainView.swift; sourceTree = "<group>"; };
		309C81C426F656180092D42C /* AskHNMainView.swift */ = {isa = PBXFileReference; lastKnownFileType = sourcecode.swift; path = AskHNMainView.swift; sourceTree = "<group>"; };
		309C81C926F6563F0092D42C /* ShowHNMainView.swift */ = {isa = PBXFileReference; lastKnownFileType = sourcecode.swift; path = ShowHNMainView.swift; sourceTree = "<group>"; };
		309C81CB26F656460092D42C /* JobsHNMainView.swift */ = {isa = PBXFileReference; lastKnownFileType = sourcecode.swift; path = JobsHNMainView.swift; sourceTree = "<group>"; };
		309C81CD26F656500092D42C /* SettingsHNMainView.swift */ = {isa = PBXFileReference; lastKnownFileType = sourcecode.swift; path = SettingsHNMainView.swift; sourceTree = "<group>"; };
		309C81D426F65C520092D42C /* HNNetworkManager.swift */ = {isa = PBXFileReference; lastKnownFileType = sourcecode.swift; path = HNNetworkManager.swift; sourceTree = "<group>"; };
		309C81D626F65C5E0092D42C /* StoryResponseType.swift */ = {isa = PBXFileReference; lastKnownFileType = sourcecode.swift; path = StoryResponseType.swift; sourceTree = "<group>"; };
		309C81D826F6612A0092D42C /* CommentResponseType.swift */ = {isa = PBXFileReference; lastKnownFileType = sourcecode.swift; path = CommentResponseType.swift; sourceTree = "<group>"; };
		309C81DA26F661DF0092D42C /* JobResponseType.swift */ = {isa = PBXFileReference; lastKnownFileType = sourcecode.swift; path = JobResponseType.swift; sourceTree = "<group>"; };
		309C81DC26F661E70092D42C /* PollResponseType.swift */ = {isa = PBXFileReference; lastKnownFileType = sourcecode.swift; path = PollResponseType.swift; sourceTree = "<group>"; };
		309C81EA26F6825C0092D42C /* StoryCategories.swift */ = {isa = PBXFileReference; lastKnownFileType = sourcecode.swift; path = StoryCategories.swift; sourceTree = "<group>"; };
		309C81F226F695E40092D42C /* NetworkError.swift */ = {isa = PBXFileReference; lastKnownFileType = sourcecode.swift; path = NetworkError.swift; sourceTree = "<group>"; };
		309C81F526F69DD20092D42C /* ListElementView.swift */ = {isa = PBXFileReference; lastKnownFileType = sourcecode.swift; path = ListElementView.swift; sourceTree = "<group>"; };
		309C81FC26F6AA760092D42C /* DetailView.swift */ = {isa = PBXFileReference; lastKnownFileType = sourcecode.swift; path = DetailView.swift; sourceTree = "<group>"; };
		309C81FE26F6AEED0092D42C /* ResponseType.swift */ = {isa = PBXFileReference; lastKnownFileType = sourcecode.swift; path = ResponseType.swift; sourceTree = "<group>"; };
/* End PBXFileReference section */

/* Begin PBXFrameworksBuildPhase section */
		309C81A926F654A90092D42C /* Frameworks */ = {
			isa = PBXFrameworksBuildPhase;
			buildActionMask = 2147483647;
			files = (
			);
			runOnlyForDeploymentPostprocessing = 0;
		};
/* End PBXFrameworksBuildPhase section */

/* Begin PBXGroup section */
		3025C91A26F8FE310036A061 /* Detail */ = {
			isa = PBXGroup;
			children = (
				309C81FC26F6AA760092D42C /* DetailView.swift */,
				3025C91B26F8FE420036A061 /* DetailCommentView.swift */,
			);
			path = Detail;
			sourceTree = "<group>";
		};
		305FDACA26FCE8E1001C28A3 /* SavedHN */ = {
			isa = PBXGroup;
			children = (
				305FDAC826FCE8DC001C28A3 /* SavedHNMainView.swift */,
			);
			path = SavedHN;
			sourceTree = "<group>";
		};
		305FDACB26FCE96C001C28A3 /* UserSettings */ = {
			isa = PBXGroup;
			children = (
				305FDACC26FCE986001C28A3 /* UserSettings.swift */,
			);
			path = UserSettings;
			sourceTree = "<group>";
		};
		305FDACE26FDF837001C28A3 /* SelectionPicker */ = {
			isa = PBXGroup;
			children = (
				305FDACF26FDF8D8001C28A3 /* SelectionPickerView.swift */,
				305FDAD126FE0AEC001C28A3 /* SelectionPill.swift */,
			);
			path = SelectionPicker;
			sourceTree = "<group>";
		};
		309C81A326F654A90092D42C = {
			isa = PBXGroup;
			children = (
				309C81AE26F654A90092D42C /* Hacker News */,
				309C81AD26F654A90092D42C /* Products */,
			);
			sourceTree = "<group>";
		};
		309C81AD26F654A90092D42C /* Products */ = {
			isa = PBXGroup;
			children = (
				309C81AC26F654A90092D42C /* Hacker News.app */,
			);
			name = Products;
			sourceTree = "<group>";
		};
		309C81AE26F654A90092D42C /* Hacker News */ = {
			isa = PBXGroup;
			children = (
				305FDACB26FCE96C001C28A3 /* UserSettings */,
				309C81D326F65C2B0092D42C /* NetworkManager */,
				309C81CF26F657A90092D42C /* HelperFiles */,
				309C81D226F65AF60092D42C /* Views */,
				309C81AF26F654A90092D42C /* Hacker_NewsApp.swift */,
				309C81B326F654AA0092D42C /* Assets.xcassets */,
				309C81B826F654AA0092D42C /* Info.plist */,
				309C81B526F654AA0092D42C /* Preview Content */,
			);
			path = "Hacker News";
			sourceTree = "<group>";
		};
		309C81B526F654AA0092D42C /* Preview Content */ = {
			isa = PBXGroup;
			children = (
				309C81B626F654AA0092D42C /* Preview Assets.xcassets */,
			);
			path = "Preview Content";
			sourceTree = "<group>";
		};
		309C81BE26F655450092D42C /* StoriesHN */ = {
			isa = PBXGroup;
			children = (
				309C81C226F6560F0092D42C /* StoriesHNMainView.swift */,
				3025C91226F8F8B30036A061 /* StoriesListingView.swift */,
				305FDACE26FDF837001C28A3 /* SelectionPicker */,
				309C81C726F6562A0092D42C /* JobsHN */,
				309C81C626F656220092D42C /* ShowHN */,
				309C81C126F655CB0092D42C /* AskHN */,
			);
			path = StoriesHN;
			sourceTree = "<group>";
		};
		309C81C126F655CB0092D42C /* AskHN */ = {
			isa = PBXGroup;
			children = (
				309C81C426F656180092D42C /* AskHNMainView.swift */,
			);
			path = AskHN;
			sourceTree = "<group>";
		};
		309C81C626F656220092D42C /* ShowHN */ = {
			isa = PBXGroup;
			children = (
				309C81C926F6563F0092D42C /* ShowHNMainView.swift */,
			);
			path = ShowHN;
			sourceTree = "<group>";
		};
		309C81C726F6562A0092D42C /* JobsHN */ = {
			isa = PBXGroup;
			children = (
				309C81CB26F656460092D42C /* JobsHNMainView.swift */,
			);
			path = JobsHN;
			sourceTree = "<group>";
		};
		309C81C826F656300092D42C /* SettingsHN */ = {
			isa = PBXGroup;
			children = (
				309C81CD26F656500092D42C /* SettingsHNMainView.swift */,
			);
			path = SettingsHN;
			sourceTree = "<group>";
		};
		309C81CF26F657A90092D42C /* HelperFiles */ = {
			isa = PBXGroup;
			children = (
				309C81EA26F6825C0092D42C /* StoryCategories.swift */,
				309C81F226F695E40092D42C /* NetworkError.swift */,
				309C81FE26F6AEED0092D42C /* ResponseType.swift */,
			);
			path = HelperFiles;
			sourceTree = "<group>";
		};
		309C81D226F65AF60092D42C /* Views */ = {
			isa = PBXGroup;
			children = (
				309C81B126F654A90092D42C /* ContentView.swift */,
				309C81F426F69DC40092D42C /* ListElements */,
				309C81BE26F655450092D42C /* StoriesHN */,
				309C81C826F656300092D42C /* SettingsHN */,
				3025C91A26F8FE310036A061 /* Detail */,
				305FDACA26FCE8E1001C28A3 /* SavedHN */,
			);
			path = Views;
			sourceTree = "<group>";
		};
		309C81D326F65C2B0092D42C /* NetworkManager */ = {
			isa = PBXGroup;
			children = (
				309C81D426F65C520092D42C /* HNNetworkManager.swift */,
				309C81E126F667250092D42C /* DataTypes */,
			);
			path = NetworkManager;
			sourceTree = "<group>";
		};
		309C81E126F667250092D42C /* DataTypes */ = {
			isa = PBXGroup;
			children = (
				309C81D626F65C5E0092D42C /* StoryResponseType.swift */,
				309C81D826F6612A0092D42C /* CommentResponseType.swift */,
				309C81DA26F661DF0092D42C /* JobResponseType.swift */,
				309C81DC26F661E70092D42C /* PollResponseType.swift */,
				305FDAD426FE3237001C28A3 /* SavedStoryType.swift */,
			);
			path = DataTypes;
			sourceTree = "<group>";
		};
		309C81F426F69DC40092D42C /* ListElements */ = {
			isa = PBXGroup;
			children = (
				309C81F526F69DD20092D42C /* ListElementView.swift */,
				305FDAD626FE3433001C28A3 /* SavedListElementView.swift */,
			);
			path = ListElements;
			sourceTree = "<group>";
		};
/* End PBXGroup section */

/* Begin PBXNativeTarget section */
		309C81AB26F654A90092D42C /* Hacker News */ = {
			isa = PBXNativeTarget;
			buildConfigurationList = 309C81BB26F654AA0092D42C /* Build configuration list for PBXNativeTarget "Hacker News" */;
			buildPhases = (
				309C81A826F654A90092D42C /* Sources */,
				309C81A926F654A90092D42C /* Frameworks */,
				309C81AA26F654A90092D42C /* Resources */,
			);
			buildRules = (
			);
			dependencies = (
			);
			name = "Hacker News";
			productName = "Hacker News";
			productReference = 309C81AC26F654A90092D42C /* Hacker News.app */;
			productType = "com.apple.product-type.application";
		};
/* End PBXNativeTarget section */

/* Begin PBXProject section */
		309C81A426F654A90092D42C /* Project object */ = {
			isa = PBXProject;
			attributes = {
				LastSwiftUpdateCheck = 1250;
				LastUpgradeCheck = 1250;
				TargetAttributes = {
					309C81AB26F654A90092D42C = {
						CreatedOnToolsVersion = 12.5;
					};
				};
			};
			buildConfigurationList = 309C81A726F654A90092D42C /* Build configuration list for PBXProject "Hacker News" */;
			compatibilityVersion = "Xcode 9.3";
			developmentRegion = en;
			hasScannedForEncodings = 0;
			knownRegions = (
				en,
				Base,
			);
			mainGroup = 309C81A326F654A90092D42C;
			productRefGroup = 309C81AD26F654A90092D42C /* Products */;
			projectDirPath = "";
			projectRoot = "";
			targets = (
				309C81AB26F654A90092D42C /* Hacker News */,
			);
		};
/* End PBXProject section */

/* Begin PBXResourcesBuildPhase section */
		309C81AA26F654A90092D42C /* Resources */ = {
			isa = PBXResourcesBuildPhase;
			buildActionMask = 2147483647;
			files = (
				309C81B726F654AA0092D42C /* Preview Assets.xcassets in Resources */,
				309C81B426F654AA0092D42C /* Assets.xcassets in Resources */,
			);
			runOnlyForDeploymentPostprocessing = 0;
		};
/* End PBXResourcesBuildPhase section */

/* Begin PBXSourcesBuildPhase section */
		309C81A826F654A90092D42C /* Sources */ = {
			isa = PBXSourcesBuildPhase;
			buildActionMask = 2147483647;
			files = (
				309C81F326F695E40092D42C /* NetworkError.swift in Sources */,
				305FDAC926FCE8DC001C28A3 /* SavedHNMainView.swift in Sources */,
				309C81D926F6612A0092D42C /* CommentResponseType.swift in Sources */,
				305FDAD026FDF8D8001C28A3 /* SelectionPickerView.swift in Sources */,
				309C81DD26F661E70092D42C /* PollResponseType.swift in Sources */,
				305FDACD26FCE986001C28A3 /* UserSettings.swift in Sources */,
				305FDAD226FE0AEC001C28A3 /* SelectionPill.swift in Sources */,
				309C81CE26F656500092D42C /* SettingsHNMainView.swift in Sources */,
				305FDAD726FE3433001C28A3 /* SavedListElementView.swift in Sources */,
				309C81C326F6560F0092D42C /* StoriesHNMainView.swift in Sources */,
				309C81DB26F661DF0092D42C /* JobResponseType.swift in Sources */,
				3025C91326F8F8B30036A061 /* StoriesListingView.swift in Sources */,
				309C81B226F654A90092D42C /* ContentView.swift in Sources */,
				309C81CA26F6563F0092D42C /* ShowHNMainView.swift in Sources */,
				305FDAD526FE3237001C28A3 /* SavedStoryType.swift in Sources */,
				309C81D726F65C5E0092D42C /* StoryResponseType.swift in Sources */,
				309C81EB26F6825C0092D42C /* StoryCategories.swift in Sources */,
				309C81CC26F656460092D42C /* JobsHNMainView.swift in Sources */,
				309C81FD26F6AA760092D42C /* DetailView.swift in Sources */,
				309C81B026F654A90092D42C /* Hacker_NewsApp.swift in Sources */,
				309C81D526F65C520092D42C /* HNNetworkManager.swift in Sources */,
				309C81C526F656180092D42C /* AskHNMainView.swift in Sources */,
				309C81F626F69DD20092D42C /* ListElementView.swift in Sources */,
				309C81FF26F6AEED0092D42C /* ResponseType.swift in Sources */,
				3025C91C26F8FE420036A061 /* DetailCommentView.swift in Sources */,
			);
			runOnlyForDeploymentPostprocessing = 0;
		};
/* End PBXSourcesBuildPhase section */

/* Begin XCBuildConfiguration section */
		309C81B926F654AA0092D42C /* Debug */ = {
			isa = XCBuildConfiguration;
			buildSettings = {
				ALWAYS_SEARCH_USER_PATHS = NO;
				CLANG_ANALYZER_NONNULL = YES;
				CLANG_ANALYZER_NUMBER_OBJECT_CONVERSION = YES_AGGRESSIVE;
				CLANG_CXX_LANGUAGE_STANDARD = "gnu++14";
				CLANG_CXX_LIBRARY = "libc++";
				CLANG_ENABLE_MODULES = YES;
				CLANG_ENABLE_OBJC_ARC = YES;
				CLANG_ENABLE_OBJC_WEAK = YES;
				CLANG_WARN_BLOCK_CAPTURE_AUTORELEASING = YES;
				CLANG_WARN_BOOL_CONVERSION = YES;
				CLANG_WARN_COMMA = YES;
				CLANG_WARN_CONSTANT_CONVERSION = YES;
				CLANG_WARN_DEPRECATED_OBJC_IMPLEMENTATIONS = YES;
				CLANG_WARN_DIRECT_OBJC_ISA_USAGE = YES_ERROR;
				CLANG_WARN_DOCUMENTATION_COMMENTS = YES;
				CLANG_WARN_EMPTY_BODY = YES;
				CLANG_WARN_ENUM_CONVERSION = YES;
				CLANG_WARN_INFINITE_RECURSION = YES;
				CLANG_WARN_INT_CONVERSION = YES;
				CLANG_WARN_NON_LITERAL_NULL_CONVERSION = YES;
				CLANG_WARN_OBJC_IMPLICIT_RETAIN_SELF = YES;
				CLANG_WARN_OBJC_LITERAL_CONVERSION = YES;
				CLANG_WARN_OBJC_ROOT_CLASS = YES_ERROR;
				CLANG_WARN_QUOTED_INCLUDE_IN_FRAMEWORK_HEADER = YES;
				CLANG_WARN_RANGE_LOOP_ANALYSIS = YES;
				CLANG_WARN_STRICT_PROTOTYPES = YES;
				CLANG_WARN_SUSPICIOUS_MOVE = YES;
				CLANG_WARN_UNGUARDED_AVAILABILITY = YES_AGGRESSIVE;
				CLANG_WARN_UNREACHABLE_CODE = YES;
				CLANG_WARN__DUPLICATE_METHOD_MATCH = YES;
				COPY_PHASE_STRIP = NO;
				DEBUG_INFORMATION_FORMAT = dwarf;
				ENABLE_STRICT_OBJC_MSGSEND = YES;
				ENABLE_TESTABILITY = YES;
				GCC_C_LANGUAGE_STANDARD = gnu11;
				GCC_DYNAMIC_NO_PIC = NO;
				GCC_NO_COMMON_BLOCKS = YES;
				GCC_OPTIMIZATION_LEVEL = 0;
				GCC_PREPROCESSOR_DEFINITIONS = (
					"DEBUG=1",
					"$(inherited)",
				);
				GCC_WARN_64_TO_32_BIT_CONVERSION = YES;
				GCC_WARN_ABOUT_RETURN_TYPE = YES_ERROR;
				GCC_WARN_UNDECLARED_SELECTOR = YES;
				GCC_WARN_UNINITIALIZED_AUTOS = YES_AGGRESSIVE;
				GCC_WARN_UNUSED_FUNCTION = YES;
				GCC_WARN_UNUSED_VARIABLE = YES;
				IPHONEOS_DEPLOYMENT_TARGET = 14.5;
				MTL_ENABLE_DEBUG_INFO = INCLUDE_SOURCE;
				MTL_FAST_MATH = YES;
				ONLY_ACTIVE_ARCH = YES;
				SDKROOT = iphoneos;
				SWIFT_ACTIVE_COMPILATION_CONDITIONS = DEBUG;
				SWIFT_OPTIMIZATION_LEVEL = "-Onone";
			};
			name = Debug;
		};
		309C81BA26F654AA0092D42C /* Release */ = {
			isa = XCBuildConfiguration;
			buildSettings = {
				ALWAYS_SEARCH_USER_PATHS = NO;
				CLANG_ANALYZER_NONNULL = YES;
				CLANG_ANALYZER_NUMBER_OBJECT_CONVERSION = YES_AGGRESSIVE;
				CLANG_CXX_LANGUAGE_STANDARD = "gnu++14";
				CLANG_CXX_LIBRARY = "libc++";
				CLANG_ENABLE_MODULES = YES;
				CLANG_ENABLE_OBJC_ARC = YES;
				CLANG_ENABLE_OBJC_WEAK = YES;
				CLANG_WARN_BLOCK_CAPTURE_AUTORELEASING = YES;
				CLANG_WARN_BOOL_CONVERSION = YES;
				CLANG_WARN_COMMA = YES;
				CLANG_WARN_CONSTANT_CONVERSION = YES;
				CLANG_WARN_DEPRECATED_OBJC_IMPLEMENTATIONS = YES;
				CLANG_WARN_DIRECT_OBJC_ISA_USAGE = YES_ERROR;
				CLANG_WARN_DOCUMENTATION_COMMENTS = YES;
				CLANG_WARN_EMPTY_BODY = YES;
				CLANG_WARN_ENUM_CONVERSION = YES;
				CLANG_WARN_INFINITE_RECURSION = YES;
				CLANG_WARN_INT_CONVERSION = YES;
				CLANG_WARN_NON_LITERAL_NULL_CONVERSION = YES;
				CLANG_WARN_OBJC_IMPLICIT_RETAIN_SELF = YES;
				CLANG_WARN_OBJC_LITERAL_CONVERSION = YES;
				CLANG_WARN_OBJC_ROOT_CLASS = YES_ERROR;
				CLANG_WARN_QUOTED_INCLUDE_IN_FRAMEWORK_HEADER = YES;
				CLANG_WARN_RANGE_LOOP_ANALYSIS = YES;
				CLANG_WARN_STRICT_PROTOTYPES = YES;
				CLANG_WARN_SUSPICIOUS_MOVE = YES;
				CLANG_WARN_UNGUARDED_AVAILABILITY = YES_AGGRESSIVE;
				CLANG_WARN_UNREACHABLE_CODE = YES;
				CLANG_WARN__DUPLICATE_METHOD_MATCH = YES;
				COPY_PHASE_STRIP = NO;
				DEBUG_INFORMATION_FORMAT = "dwarf-with-dsym";
				ENABLE_NS_ASSERTIONS = NO;
				ENABLE_STRICT_OBJC_MSGSEND = YES;
				GCC_C_LANGUAGE_STANDARD = gnu11;
				GCC_NO_COMMON_BLOCKS = YES;
				GCC_WARN_64_TO_32_BIT_CONVERSION = YES;
				GCC_WARN_ABOUT_RETURN_TYPE = YES_ERROR;
				GCC_WARN_UNDECLARED_SELECTOR = YES;
				GCC_WARN_UNINITIALIZED_AUTOS = YES_AGGRESSIVE;
				GCC_WARN_UNUSED_FUNCTION = YES;
				GCC_WARN_UNUSED_VARIABLE = YES;
				IPHONEOS_DEPLOYMENT_TARGET = 14.5;
				MTL_ENABLE_DEBUG_INFO = NO;
				MTL_FAST_MATH = YES;
				SDKROOT = iphoneos;
				SWIFT_COMPILATION_MODE = wholemodule;
				SWIFT_OPTIMIZATION_LEVEL = "-O";
				VALIDATE_PRODUCT = YES;
			};
			name = Release;
		};
		309C81BC26F654AA0092D42C /* Debug */ = {
			isa = XCBuildConfiguration;
			buildSettings = {
				ASSETCATALOG_COMPILER_APPICON_NAME = AppIcon;
				ASSETCATALOG_COMPILER_GLOBAL_ACCENT_COLOR_NAME = AccentColor;
				CODE_SIGN_STYLE = Automatic;
				DEVELOPMENT_ASSET_PATHS = "\"Hacker News/Preview Content\"";
				DEVELOPMENT_TEAM = HS8PVR3BLT;
				ENABLE_PREVIEWS = YES;
				INFOPLIST_FILE = "Hacker News/Info.plist";
				IPHONEOS_DEPLOYMENT_TARGET = 14.0;
				LD_RUNPATH_SEARCH_PATHS = (
					"$(inherited)",
					"@executable_path/Frameworks",
				);
				PRODUCT_BUNDLE_IDENTIFIER = "rz.Hacker-News";
				PRODUCT_NAME = "$(TARGET_NAME)";
				SWIFT_VERSION = 5.0;
				TARGETED_DEVICE_FAMILY = "1,2";
			};
			name = Debug;
		};
		309C81BD26F654AA0092D42C /* Release */ = {
			isa = XCBuildConfiguration;
			buildSettings = {
				ASSETCATALOG_COMPILER_APPICON_NAME = AppIcon;
				ASSETCATALOG_COMPILER_GLOBAL_ACCENT_COLOR_NAME = AccentColor;
				CODE_SIGN_STYLE = Automatic;
				DEVELOPMENT_ASSET_PATHS = "\"Hacker News/Preview Content\"";
				DEVELOPMENT_TEAM = HS8PVR3BLT;
				ENABLE_PREVIEWS = YES;
				INFOPLIST_FILE = "Hacker News/Info.plist";
				IPHONEOS_DEPLOYMENT_TARGET = 14.0;
				LD_RUNPATH_SEARCH_PATHS = (
					"$(inherited)",
					"@executable_path/Frameworks",
				);
				PRODUCT_BUNDLE_IDENTIFIER = "rz.Hacker-News";
				PRODUCT_NAME = "$(TARGET_NAME)";
				SWIFT_VERSION = 5.0;
				TARGETED_DEVICE_FAMILY = "1,2";
			};
			name = Release;
		};
/* End XCBuildConfiguration section */

/* Begin XCConfigurationList section */
		309C81A726F654A90092D42C /* Build configuration list for PBXProject "Hacker News" */ = {
			isa = XCConfigurationList;
			buildConfigurations = (
				309C81B926F654AA0092D42C /* Debug */,
				309C81BA26F654AA0092D42C /* Release */,
			);
			defaultConfigurationIsVisible = 0;
			defaultConfigurationName = Release;
		};
		309C81BB26F654AA0092D42C /* Build configuration list for PBXNativeTarget "Hacker News" */ = {
			isa = XCConfigurationList;
			buildConfigurations = (
				309C81BC26F654AA0092D42C /* Debug */,
				309C81BD26F654AA0092D42C /* Release */,
			);
			defaultConfigurationIsVisible = 0;
			defaultConfigurationName = Release;
		};
/* End XCConfigurationList section */
	};
	rootObject = 309C81A426F654A90092D42C /* Project object */;
}
