// !$*UTF8*$!
{
	archiveVersion = 1;
	classes = {
	};
	objectVersion = 55;
	objects = {

/* Begin PBXBuildFile section */
		30202C7C2716142D001AC594 /* EdgeBorder.swift in Sources */ = {isa = PBXBuildFile; fileRef = 30202C7B2716142D001AC594 /* EdgeBorder.swift */; };
		30202C7E271620BC001AC594 /* ShareViewController.swift in Sources */ = {isa = PBXBuildFile; fileRef = 30202C7D271620BC001AC594 /* ShareViewController.swift */; };
		30349EE32704DE2C00F5A141 /* StoriesView.swift in Sources */ = {isa = PBXBuildFile; fileRef = 30349EE22704DE2C00F5A141 /* StoriesView.swift */; };
		30349EE52704DEFE00F5A141 /* SavedView.swift in Sources */ = {isa = PBXBuildFile; fileRef = 30349EE42704DEFE00F5A141 /* SavedView.swift */; };
		30349EE82704E16000F5A141 /* StoryRowView.swift in Sources */ = {isa = PBXBuildFile; fileRef = 30349EE72704E16000F5A141 /* StoryRowView.swift */; };
		30349EEC2704F6DF00F5A141 /* StoryViewModel.swift in Sources */ = {isa = PBXBuildFile; fileRef = 30349EEB2704F6DF00F5A141 /* StoryViewModel.swift */; };
		3057AC9D2701F94C0091AC4E /* HackerNewsApp.swift in Sources */ = {isa = PBXBuildFile; fileRef = 3057AC9C2701F94C0091AC4E /* HackerNewsApp.swift */; };
		3057AC9F2701F94C0091AC4E /* ContentView.swift in Sources */ = {isa = PBXBuildFile; fileRef = 3057AC9E2701F94C0091AC4E /* ContentView.swift */; };
		3057ACA12701F94D0091AC4E /* Assets.xcassets in Resources */ = {isa = PBXBuildFile; fileRef = 3057ACA02701F94D0091AC4E /* Assets.xcassets */; };
		3057ACA42701F94D0091AC4E /* Preview Assets.xcassets in Resources */ = {isa = PBXBuildFile; fileRef = 3057ACA32701F94D0091AC4E /* Preview Assets.xcassets */; };
		3057ACAE2701FA500091AC4E /* StoryList.swift in Sources */ = {isa = PBXBuildFile; fileRef = 3057ACAD2701FA500091AC4E /* StoryList.swift */; };
		3057ACB02701FA750091AC4E /* Story.swift in Sources */ = {isa = PBXBuildFile; fileRef = 3057ACAF2701FA750091AC4E /* Story.swift */; };
		3057ACB22701FC3D0091AC4E /* testData.json in Resources */ = {isa = PBXBuildFile; fileRef = 3057ACB12701FC3D0091AC4E /* testData.json */; };
		305909462731B4FD00109F0E /* SavingColourToUserDefaults.swift in Sources */ = {isa = PBXBuildFile; fileRef = 305909452731B4FD00109F0E /* SavingColourToUserDefaults.swift */; };
		305909482731BCD700109F0E /* CommentViewModel.swift in Sources */ = {isa = PBXBuildFile; fileRef = 305909472731BCD700109F0E /* CommentViewModel.swift */; };
		3078553E272B224700FBAEE0 /* SettingsView.swift in Sources */ = {isa = PBXBuildFile; fileRef = 3078553D272B224700FBAEE0 /* SettingsView.swift */; };
		30785540272B23A800FBAEE0 /* ColourSettingView.swift in Sources */ = {isa = PBXBuildFile; fileRef = 3078553F272B23A800FBAEE0 /* ColourSettingView.swift */; };
		30785542272B242600FBAEE0 /* SettingsViewModel.swift in Sources */ = {isa = PBXBuildFile; fileRef = 30785541272B242600FBAEE0 /* SettingsViewModel.swift */; };
		3090937C2706238D004BD9B4 /* RequestType.swift in Sources */ = {isa = PBXBuildFile; fileRef = 3090937B2706238D004BD9B4 /* RequestType.swift */; };
		30909380270626E6004BD9B4 /* TypePicker.swift in Sources */ = {isa = PBXBuildFile; fileRef = 3090937F270626E6004BD9B4 /* TypePicker.swift */; };
		30909382270632A2004BD9B4 /* ReloadButton.swift in Sources */ = {isa = PBXBuildFile; fileRef = 30909381270632A2004BD9B4 /* ReloadButton.swift */; };
		3090938427063F76004BD9B4 /* StoryDetailView.swift in Sources */ = {isa = PBXBuildFile; fileRef = 3090938327063F76004BD9B4 /* StoryDetailView.swift */; };
		3090938627064988004BD9B4 /* StoriesListView.swift in Sources */ = {isa = PBXBuildFile; fileRef = 3090938527064988004BD9B4 /* StoriesListView.swift */; };
		3090938827065712004BD9B4 /* StoryInfoBadgeView.swift in Sources */ = {isa = PBXBuildFile; fileRef = 3090938727065712004BD9B4 /* StoryInfoBadgeView.swift */; };
		30CC6534271F25EE0023CD55 /* CommentView.swift in Sources */ = {isa = PBXBuildFile; fileRef = 30CC6533271F25EE0023CD55 /* CommentView.swift */; };
		30CC6536271F26550023CD55 /* testComment.json in Resources */ = {isa = PBXBuildFile; fileRef = 30CC6535271F26550023CD55 /* testComment.json */; };
		30D3AE36271BFBA6005F0B29 /* Comment.swift in Sources */ = {isa = PBXBuildFile; fileRef = 30D3AE35271BFBA6005F0B29 /* Comment.swift */; };
		30FD220D27195CED00224B5F /* CommentSectionView.swift in Sources */ = {isa = PBXBuildFile; fileRef = 30FD220C27195CED00224B5F /* CommentSectionView.swift */; };
/* End PBXBuildFile section */

/* Begin PBXFileReference section */
		3006343A2725D5F900AD2F62 /* README.md */ = {isa = PBXFileReference; lastKnownFileType = net.daringfireball.markdown; path = README.md; sourceTree = "<group>"; };
		30202C7B2716142D001AC594 /* EdgeBorder.swift */ = {isa = PBXFileReference; lastKnownFileType = sourcecode.swift; path = EdgeBorder.swift; sourceTree = "<group>"; };
		30202C7D271620BC001AC594 /* ShareViewController.swift */ = {isa = PBXFileReference; lastKnownFileType = sourcecode.swift; path = ShareViewController.swift; sourceTree = "<group>"; };
		30349EE22704DE2C00F5A141 /* StoriesView.swift */ = {isa = PBXFileReference; lastKnownFileType = sourcecode.swift; path = StoriesView.swift; sourceTree = "<group>"; };
		30349EE42704DEFE00F5A141 /* SavedView.swift */ = {isa = PBXFileReference; lastKnownFileType = sourcecode.swift; path = SavedView.swift; sourceTree = "<group>"; };
		30349EE72704E16000F5A141 /* StoryRowView.swift */ = {isa = PBXFileReference; lastKnownFileType = sourcecode.swift; path = StoryRowView.swift; sourceTree = "<group>"; };
		30349EEB2704F6DF00F5A141 /* StoryViewModel.swift */ = {isa = PBXFileReference; lastKnownFileType = sourcecode.swift; path = StoryViewModel.swift; sourceTree = "<group>"; };
		3057AC992701F94C0091AC4E /* HackerNews.app */ = {isa = PBXFileReference; explicitFileType = wrapper.application; includeInIndex = 0; path = HackerNews.app; sourceTree = BUILT_PRODUCTS_DIR; };
		3057AC9C2701F94C0091AC4E /* HackerNewsApp.swift */ = {isa = PBXFileReference; lastKnownFileType = sourcecode.swift; path = HackerNewsApp.swift; sourceTree = "<group>"; };
		3057AC9E2701F94C0091AC4E /* ContentView.swift */ = {isa = PBXFileReference; lastKnownFileType = sourcecode.swift; path = ContentView.swift; sourceTree = "<group>"; };
		3057ACA02701F94D0091AC4E /* Assets.xcassets */ = {isa = PBXFileReference; lastKnownFileType = folder.assetcatalog; path = Assets.xcassets; sourceTree = "<group>"; };
		3057ACA32701F94D0091AC4E /* Preview Assets.xcassets */ = {isa = PBXFileReference; lastKnownFileType = folder.assetcatalog; path = "Preview Assets.xcassets"; sourceTree = "<group>"; };
		3057ACAD2701FA500091AC4E /* StoryList.swift */ = {isa = PBXFileReference; lastKnownFileType = sourcecode.swift; path = StoryList.swift; sourceTree = "<group>"; };
		3057ACAF2701FA750091AC4E /* Story.swift */ = {isa = PBXFileReference; lastKnownFileType = sourcecode.swift; path = Story.swift; sourceTree = "<group>"; };
		3057ACB12701FC3D0091AC4E /* testData.json */ = {isa = PBXFileReference; fileEncoding = 4; lastKnownFileType = text.json; path = testData.json; sourceTree = "<group>"; };
		305909452731B4FD00109F0E /* SavingColourToUserDefaults.swift */ = {isa = PBXFileReference; lastKnownFileType = sourcecode.swift; path = SavingColourToUserDefaults.swift; sourceTree = "<group>"; };
		305909472731BCD700109F0E /* CommentViewModel.swift */ = {isa = PBXFileReference; lastKnownFileType = sourcecode.swift; path = CommentViewModel.swift; sourceTree = "<group>"; };
		3078553D272B224700FBAEE0 /* SettingsView.swift */ = {isa = PBXFileReference; lastKnownFileType = sourcecode.swift; path = SettingsView.swift; sourceTree = "<group>"; };
		3078553F272B23A800FBAEE0 /* ColourSettingView.swift */ = {isa = PBXFileReference; lastKnownFileType = sourcecode.swift; path = ColourSettingView.swift; sourceTree = "<group>"; };
		30785541272B242600FBAEE0 /* SettingsViewModel.swift */ = {isa = PBXFileReference; lastKnownFileType = sourcecode.swift; path = SettingsViewModel.swift; sourceTree = "<group>"; };
		3090937B2706238D004BD9B4 /* RequestType.swift */ = {isa = PBXFileReference; lastKnownFileType = sourcecode.swift; path = RequestType.swift; sourceTree = "<group>"; };
		3090937F270626E6004BD9B4 /* TypePicker.swift */ = {isa = PBXFileReference; lastKnownFileType = sourcecode.swift; path = TypePicker.swift; sourceTree = "<group>"; };
		30909381270632A2004BD9B4 /* ReloadButton.swift */ = {isa = PBXFileReference; lastKnownFileType = sourcecode.swift; path = ReloadButton.swift; sourceTree = "<group>"; };
		3090938327063F76004BD9B4 /* StoryDetailView.swift */ = {isa = PBXFileReference; lastKnownFileType = sourcecode.swift; path = StoryDetailView.swift; sourceTree = "<group>"; };
		3090938527064988004BD9B4 /* StoriesListView.swift */ = {isa = PBXFileReference; lastKnownFileType = sourcecode.swift; path = StoriesListView.swift; sourceTree = "<group>"; };
		3090938727065712004BD9B4 /* StoryInfoBadgeView.swift */ = {isa = PBXFileReference; lastKnownFileType = sourcecode.swift; path = StoryInfoBadgeView.swift; sourceTree = "<group>"; };
		30CC6533271F25EE0023CD55 /* CommentView.swift */ = {isa = PBXFileReference; lastKnownFileType = sourcecode.swift; path = CommentView.swift; sourceTree = "<group>"; };
		30CC6535271F26550023CD55 /* testComment.json */ = {isa = PBXFileReference; fileEncoding = 4; lastKnownFileType = text.json; path = testComment.json; sourceTree = "<group>"; };
		30D3AE35271BFBA6005F0B29 /* Comment.swift */ = {isa = PBXFileReference; lastKnownFileType = sourcecode.swift; path = Comment.swift; sourceTree = "<group>"; };
		30FD220C27195CED00224B5F /* CommentSectionView.swift */ = {isa = PBXFileReference; lastKnownFileType = sourcecode.swift; path = CommentSectionView.swift; sourceTree = "<group>"; };
/* End PBXFileReference section */

/* Begin PBXFrameworksBuildPhase section */
		3057AC962701F94C0091AC4E /* Frameworks */ = {
			isa = PBXFrameworksBuildPhase;
			buildActionMask = 2147483647;
			files = (
			);
			runOnlyForDeploymentPostprocessing = 0;
		};
/* End PBXFrameworksBuildPhase section */

/* Begin PBXGroup section */
		30202C7A2716141E001AC594 /* Helpers */ = {
			isa = PBXGroup;
			children = (
				30202C7B2716142D001AC594 /* EdgeBorder.swift */,
				30202C7D271620BC001AC594 /* ShareViewController.swift */,
			);
			path = Helpers;
			sourceTree = "<group>";
		};
		30349EDD2704DE0000F5A141 /* Views */ = {
			isa = PBXGroup;
			children = (
				30CC6532271F25D80023CD55 /* Comment */,
				30202C7A2716141E001AC594 /* Helpers */,
				30349EE12704DE1E00F5A141 /* Settings */,
				30349EE02704DE1A00F5A141 /* Saved */,
				30349EDF2704DE1400F5A141 /* Story */,
				30349EDE2704DE0700F5A141 /* Stories */,
			);
			path = Views;
			sourceTree = "<group>";
		};
		30349EDE2704DE0700F5A141 /* Stories */ = {
			isa = PBXGroup;
			children = (
				30349EE22704DE2C00F5A141 /* StoriesView.swift */,
				3090937F270626E6004BD9B4 /* TypePicker.swift */,
				30909381270632A2004BD9B4 /* ReloadButton.swift */,
				3090938527064988004BD9B4 /* StoriesListView.swift */,
			);
			path = Stories;
			sourceTree = "<group>";
		};
		30349EDF2704DE1400F5A141 /* Story */ = {
			isa = PBXGroup;
			children = (
				30349EE72704E16000F5A141 /* StoryRowView.swift */,
				3090938327063F76004BD9B4 /* StoryDetailView.swift */,
				3090938727065712004BD9B4 /* StoryInfoBadgeView.swift */,
				30FD220C27195CED00224B5F /* CommentSectionView.swift */,
			);
			path = Story;
			sourceTree = "<group>";
		};
		30349EE02704DE1A00F5A141 /* Saved */ = {
			isa = PBXGroup;
			children = (
				30349EE42704DEFE00F5A141 /* SavedView.swift */,
			);
			path = Saved;
			sourceTree = "<group>";
		};
		30349EE12704DE1E00F5A141 /* Settings */ = {
			isa = PBXGroup;
			children = (
				3078553D272B224700FBAEE0 /* SettingsView.swift */,
				3078553F272B23A800FBAEE0 /* ColourSettingView.swift */,
			);
			path = Settings;
			sourceTree = "<group>";
		};
		30349EE62704E05900F5A141 /* ViewModels */ = {
			isa = PBXGroup;
			children = (
				30349EEB2704F6DF00F5A141 /* StoryViewModel.swift */,
				3090937B2706238D004BD9B4 /* RequestType.swift */,
				30785541272B242600FBAEE0 /* SettingsViewModel.swift */,
				305909472731BCD700109F0E /* CommentViewModel.swift */,
			);
			path = ViewModels;
			sourceTree = "<group>";
		};
		3057AC902701F94B0091AC4E = {
			isa = PBXGroup;
			children = (
				3006343A2725D5F900AD2F62 /* README.md */,
				3057AC9B2701F94C0091AC4E /* HackerNews */,
				3057AC9A2701F94C0091AC4E /* Products */,
			);
			sourceTree = "<group>";
		};
		3057AC9A2701F94C0091AC4E /* Products */ = {
			isa = PBXGroup;
			children = (
				3057AC992701F94C0091AC4E /* HackerNews.app */,
			);
			name = Products;
			sourceTree = "<group>";
		};
		3057AC9B2701F94C0091AC4E /* HackerNews */ = {
			isa = PBXGroup;
			children = (
				305909442731B4E700109F0E /* Helpers */,
				30349EE62704E05900F5A141 /* ViewModels */,
				30349EDD2704DE0000F5A141 /* Views */,
				3057ACAA2701FA080091AC4E /* NetworkManager */,
				3057AC9C2701F94C0091AC4E /* HackerNewsApp.swift */,
				3057AC9E2701F94C0091AC4E /* ContentView.swift */,
				3057ACA02701F94D0091AC4E /* Assets.xcassets */,
				3057ACA22701F94D0091AC4E /* Preview Content */,
			);
			path = HackerNews;
			sourceTree = "<group>";
		};
		3057ACA22701F94D0091AC4E /* Preview Content */ = {
			isa = PBXGroup;
			children = (
				3057ACA32701F94D0091AC4E /* Preview Assets.xcassets */,
			);
			path = "Preview Content";
			sourceTree = "<group>";
		};
		3057ACAA2701FA080091AC4E /* NetworkManager */ = {
			isa = PBXGroup;
			children = (
				30CC6535271F26550023CD55 /* testComment.json */,
				3057ACB12701FC3D0091AC4E /* testData.json */,
				3057ACAD2701FA500091AC4E /* StoryList.swift */,
				3057ACAF2701FA750091AC4E /* Story.swift */,
				30D3AE35271BFBA6005F0B29 /* Comment.swift */,
			);
			path = NetworkManager;
			sourceTree = "<group>";
		};
		305909442731B4E700109F0E /* Helpers */ = {
			isa = PBXGroup;
			children = (
				305909452731B4FD00109F0E /* SavingColourToUserDefaults.swift */,
			);
			path = Helpers;
			sourceTree = "<group>";
		};
		30CC6532271F25D80023CD55 /* Comment */ = {
			isa = PBXGroup;
			children = (
				30CC6533271F25EE0023CD55 /* CommentView.swift */,
			);
			path = Comment;
			sourceTree = "<group>";
		};
/* End PBXGroup section */

/* Begin PBXNativeTarget section */
		3057AC982701F94C0091AC4E /* HackerNews */ = {
			isa = PBXNativeTarget;
			buildConfigurationList = 3057ACA72701F94D0091AC4E /* Build configuration list for PBXNativeTarget "HackerNews" */;
			buildPhases = (
				3057AC952701F94C0091AC4E /* Sources */,
				3057AC962701F94C0091AC4E /* Frameworks */,
				3057AC972701F94C0091AC4E /* Resources */,
			);
			buildRules = (
			);
			dependencies = (
			);
			name = HackerNews;
			productName = HackerNews;
			productReference = 3057AC992701F94C0091AC4E /* HackerNews.app */;
			productType = "com.apple.product-type.application";
		};
/* End PBXNativeTarget section */

/* Begin PBXProject section */
		3057AC912701F94B0091AC4E /* Project object */ = {
			isa = PBXProject;
			attributes = {
				BuildIndependentTargetsInParallel = 1;
				LastSwiftUpdateCheck = 1300;
				LastUpgradeCheck = 1300;
				TargetAttributes = {
					3057AC982701F94C0091AC4E = {
						CreatedOnToolsVersion = 13.0;
					};
				};
			};
			buildConfigurationList = 3057AC942701F94B0091AC4E /* Build configuration list for PBXProject "HackerNews" */;
			compatibilityVersion = "Xcode 13.0";
			developmentRegion = en;
			hasScannedForEncodings = 0;
			knownRegions = (
				en,
				Base,
			);
			mainGroup = 3057AC902701F94B0091AC4E;
			productRefGroup = 3057AC9A2701F94C0091AC4E /* Products */;
			projectDirPath = "";
			projectRoot = "";
			targets = (
				3057AC982701F94C0091AC4E /* HackerNews */,
			);
		};
/* End PBXProject section */

/* Begin PBXResourcesBuildPhase section */
		3057AC972701F94C0091AC4E /* Resources */ = {
			isa = PBXResourcesBuildPhase;
			buildActionMask = 2147483647;
			files = (
				3057ACB22701FC3D0091AC4E /* testData.json in Resources */,
				3057ACA42701F94D0091AC4E /* Preview Assets.xcassets in Resources */,
				3057ACA12701F94D0091AC4E /* Assets.xcassets in Resources */,
				30CC6536271F26550023CD55 /* testComment.json in Resources */,
			);
			runOnlyForDeploymentPostprocessing = 0;
		};
/* End PBXResourcesBuildPhase section */

/* Begin PBXSourcesBuildPhase section */
		3057AC952701F94C0091AC4E /* Sources */ = {
			isa = PBXSourcesBuildPhase;
			buildActionMask = 2147483647;
			files = (
				305909482731BCD700109F0E /* CommentViewModel.swift in Sources */,
				3090938827065712004BD9B4 /* StoryInfoBadgeView.swift in Sources */,
				30CC6534271F25EE0023CD55 /* CommentView.swift in Sources */,
				30349EEC2704F6DF00F5A141 /* StoryViewModel.swift in Sources */,
				3057AC9F2701F94C0091AC4E /* ContentView.swift in Sources */,
				30202C7E271620BC001AC594 /* ShareViewController.swift in Sources */,
				3078553E272B224700FBAEE0 /* SettingsView.swift in Sources */,
				30349EE32704DE2C00F5A141 /* StoriesView.swift in Sources */,
				30202C7C2716142D001AC594 /* EdgeBorder.swift in Sources */,
				3090938427063F76004BD9B4 /* StoryDetailView.swift in Sources */,
				30D3AE36271BFBA6005F0B29 /* Comment.swift in Sources */,
				30349EE52704DEFE00F5A141 /* SavedView.swift in Sources */,
				3057AC9D2701F94C0091AC4E /* HackerNewsApp.swift in Sources */,
				30FD220D27195CED00224B5F /* CommentSectionView.swift in Sources */,
				305909462731B4FD00109F0E /* SavingColourToUserDefaults.swift in Sources */,
				3057ACAE2701FA500091AC4E /* StoryList.swift in Sources */,
				30349EE82704E16000F5A141 /* StoryRowView.swift in Sources */,
				30909380270626E6004BD9B4 /* TypePicker.swift in Sources */,
				3090938627064988004BD9B4 /* StoriesListView.swift in Sources */,
				3057ACB02701FA750091AC4E /* Story.swift in Sources */,
				3090937C2706238D004BD9B4 /* RequestType.swift in Sources */,
				30785542272B242600FBAEE0 /* SettingsViewModel.swift in Sources */,
				30785540272B23A800FBAEE0 /* ColourSettingView.swift in Sources */,
				30909382270632A2004BD9B4 /* ReloadButton.swift in Sources */,
			);
			runOnlyForDeploymentPostprocessing = 0;
		};
/* End PBXSourcesBuildPhase section */

/* Begin XCBuildConfiguration section */
		3057ACA52701F94D0091AC4E /* Debug */ = {
			isa = XCBuildConfiguration;
			buildSettings = {
				ALWAYS_SEARCH_USER_PATHS = NO;
				CLANG_ANALYZER_NONNULL = YES;
				CLANG_ANALYZER_NUMBER_OBJECT_CONVERSION = YES_AGGRESSIVE;
				CLANG_CXX_LANGUAGE_STANDARD = "gnu++17";
				CLANG_CXX_LIBRARY = "libc++";
				CLANG_ENABLE_MODULES = YES;
				CLANG_ENABLE_OBJC_ARC = YES;
				CLANG_ENABLE_OBJC_WEAK = YES;
				CLANG_WARN_BLOCK_CAPTURE_AUTORELEASING = YES;
				CLANG_WARN_BOOL_CONVERSION = YES;
				CLANG_WARN_COMMA = YES;
				CLANG_WARN_CONSTANT_CONVERSION = YES;
				CLANG_WARN_DEPRECATED_OBJC_IMPLEMENTATIONS = YES;
				CLANG_WARN_DIRECT_OBJC_ISA_USAGE = YES_ERROR;
				CLANG_WARN_DOCUMENTATION_COMMENTS = YES;
				CLANG_WARN_EMPTY_BODY = YES;
				CLANG_WARN_ENUM_CONVERSION = YES;
				CLANG_WARN_INFINITE_RECURSION = YES;
				CLANG_WARN_INT_CONVERSION = YES;
				CLANG_WARN_NON_LITERAL_NULL_CONVERSION = YES;
				CLANG_WARN_OBJC_IMPLICIT_RETAIN_SELF = YES;
				CLANG_WARN_OBJC_LITERAL_CONVERSION = YES;
				CLANG_WARN_OBJC_ROOT_CLASS = YES_ERROR;
				CLANG_WARN_QUOTED_INCLUDE_IN_FRAMEWORK_HEADER = YES;
				CLANG_WARN_RANGE_LOOP_ANALYSIS = YES;
				CLANG_WARN_STRICT_PROTOTYPES = YES;
				CLANG_WARN_SUSPICIOUS_MOVE = YES;
				CLANG_WARN_UNGUARDED_AVAILABILITY = YES_AGGRESSIVE;
				CLANG_WARN_UNREACHABLE_CODE = YES;
				CLANG_WARN__DUPLICATE_METHOD_MATCH = YES;
				COPY_PHASE_STRIP = NO;
				DEBUG_INFORMATION_FORMAT = dwarf;
				ENABLE_STRICT_OBJC_MSGSEND = YES;
				ENABLE_TESTABILITY = YES;
				GCC_C_LANGUAGE_STANDARD = gnu11;
				GCC_DYNAMIC_NO_PIC = NO;
				GCC_NO_COMMON_BLOCKS = YES;
				GCC_OPTIMIZATION_LEVEL = 0;
				GCC_PREPROCESSOR_DEFINITIONS = (
					"DEBUG=1",
					"$(inherited)",
				);
				GCC_WARN_64_TO_32_BIT_CONVERSION = YES;
				GCC_WARN_ABOUT_RETURN_TYPE = YES_ERROR;
				GCC_WARN_UNDECLARED_SELECTOR = YES;
				GCC_WARN_UNINITIALIZED_AUTOS = YES_AGGRESSIVE;
				GCC_WARN_UNUSED_FUNCTION = YES;
				GCC_WARN_UNUSED_VARIABLE = YES;
				IPHONEOS_DEPLOYMENT_TARGET = 15.0;
				MTL_ENABLE_DEBUG_INFO = INCLUDE_SOURCE;
				MTL_FAST_MATH = YES;
				ONLY_ACTIVE_ARCH = YES;
				SDKROOT = iphoneos;
				SWIFT_ACTIVE_COMPILATION_CONDITIONS = DEBUG;
				SWIFT_OPTIMIZATION_LEVEL = "-Onone";
			};
			name = Debug;
		};
		3057ACA62701F94D0091AC4E /* Release */ = {
			isa = XCBuildConfiguration;
			buildSettings = {
				ALWAYS_SEARCH_USER_PATHS = NO;
				CLANG_ANALYZER_NONNULL = YES;
				CLANG_ANALYZER_NUMBER_OBJECT_CONVERSION = YES_AGGRESSIVE;
				CLANG_CXX_LANGUAGE_STANDARD = "gnu++17";
				CLANG_CXX_LIBRARY = "libc++";
				CLANG_ENABLE_MODULES = YES;
				CLANG_ENABLE_OBJC_ARC = YES;
				CLANG_ENABLE_OBJC_WEAK = YES;
				CLANG_WARN_BLOCK_CAPTURE_AUTORELEASING = YES;
				CLANG_WARN_BOOL_CONVERSION = YES;
				CLANG_WARN_COMMA = YES;
				CLANG_WARN_CONSTANT_CONVERSION = YES;
				CLANG_WARN_DEPRECATED_OBJC_IMPLEMENTATIONS = YES;
				CLANG_WARN_DIRECT_OBJC_ISA_USAGE = YES_ERROR;
				CLANG_WARN_DOCUMENTATION_COMMENTS = YES;
				CLANG_WARN_EMPTY_BODY = YES;
				CLANG_WARN_ENUM_CONVERSION = YES;
				CLANG_WARN_INFINITE_RECURSION = YES;
				CLANG_WARN_INT_CONVERSION = YES;
				CLANG_WARN_NON_LITERAL_NULL_CONVERSION = YES;
				CLANG_WARN_OBJC_IMPLICIT_RETAIN_SELF = YES;
				CLANG_WARN_OBJC_LITERAL_CONVERSION = YES;
				CLANG_WARN_OBJC_ROOT_CLASS = YES_ERROR;
				CLANG_WARN_QUOTED_INCLUDE_IN_FRAMEWORK_HEADER = YES;
				CLANG_WARN_RANGE_LOOP_ANALYSIS = YES;
				CLANG_WARN_STRICT_PROTOTYPES = YES;
				CLANG_WARN_SUSPICIOUS_MOVE = YES;
				CLANG_WARN_UNGUARDED_AVAILABILITY = YES_AGGRESSIVE;
				CLANG_WARN_UNREACHABLE_CODE = YES;
				CLANG_WARN__DUPLICATE_METHOD_MATCH = YES;
				COPY_PHASE_STRIP = NO;
				DEBUG_INFORMATION_FORMAT = "dwarf-with-dsym";
				ENABLE_NS_ASSERTIONS = NO;
				ENABLE_STRICT_OBJC_MSGSEND = YES;
				GCC_C_LANGUAGE_STANDARD = gnu11;
				GCC_NO_COMMON_BLOCKS = YES;
				GCC_WARN_64_TO_32_BIT_CONVERSION = YES;
				GCC_WARN_ABOUT_RETURN_TYPE = YES_ERROR;
				GCC_WARN_UNDECLARED_SELECTOR = YES;
				GCC_WARN_UNINITIALIZED_AUTOS = YES_AGGRESSIVE;
				GCC_WARN_UNUSED_FUNCTION = YES;
				GCC_WARN_UNUSED_VARIABLE = YES;
				IPHONEOS_DEPLOYMENT_TARGET = 15.0;
				MTL_ENABLE_DEBUG_INFO = NO;
				MTL_FAST_MATH = YES;
				SDKROOT = iphoneos;
				SWIFT_COMPILATION_MODE = wholemodule;
				SWIFT_OPTIMIZATION_LEVEL = "-O";
				VALIDATE_PRODUCT = YES;
			};
			name = Release;
		};
		3057ACA82701F94D0091AC4E /* Debug */ = {
			isa = XCBuildConfiguration;
			buildSettings = {
				ASSETCATALOG_COMPILER_APPICON_NAME = AppIcon;
				ASSETCATALOG_COMPILER_GLOBAL_ACCENT_COLOR_NAME = AccentColor;
				CODE_SIGN_STYLE = Automatic;
				CURRENT_PROJECT_VERSION = 1;
				DEVELOPMENT_ASSET_PATHS = "\"HackerNews/Preview Content\"";
				DEVELOPMENT_TEAM = HS8PVR3BLT;
				ENABLE_PREVIEWS = YES;
				GENERATE_INFOPLIST_FILE = YES;
				INFOPLIST_KEY_UIApplicationSceneManifest_Generation = YES;
				INFOPLIST_KEY_UIApplicationSupportsIndirectInputEvents = YES;
				INFOPLIST_KEY_UILaunchScreen_Generation = YES;
				INFOPLIST_KEY_UISupportedInterfaceOrientations_iPad = "UIInterfaceOrientationPortrait UIInterfaceOrientationPortraitUpsideDown UIInterfaceOrientationLandscapeLeft UIInterfaceOrientationLandscapeRight";
				INFOPLIST_KEY_UISupportedInterfaceOrientations_iPhone = "UIInterfaceOrientationPortrait UIInterfaceOrientationLandscapeLeft UIInterfaceOrientationLandscapeRight";
				IPHONEOS_DEPLOYMENT_TARGET = 15.0;
				LD_RUNPATH_SEARCH_PATHS = (
					"$(inherited)",
					"@executable_path/Frameworks",
				);
				MARKETING_VERSION = 1.0;
				PRODUCT_BUNDLE_IDENTIFIER = rz.HackerNews;
				PRODUCT_NAME = HackerNews;
				SWIFT_EMIT_LOC_STRINGS = YES;
				SWIFT_VERSION = 5.0;
				TARGETED_DEVICE_FAMILY = 1;
			};
			name = Debug;
		};
		3057ACA92701F94D0091AC4E /* Release */ = {
			isa = XCBuildConfiguration;
			buildSettings = {
				ASSETCATALOG_COMPILER_APPICON_NAME = AppIcon;
				ASSETCATALOG_COMPILER_GLOBAL_ACCENT_COLOR_NAME = AccentColor;
				CODE_SIGN_STYLE = Automatic;
				CURRENT_PROJECT_VERSION = 1;
				DEVELOPMENT_ASSET_PATHS = "\"HackerNews/Preview Content\"";
				DEVELOPMENT_TEAM = HS8PVR3BLT;
				ENABLE_PREVIEWS = YES;
				GENERATE_INFOPLIST_FILE = YES;
				INFOPLIST_KEY_UIApplicationSceneManifest_Generation = YES;
				INFOPLIST_KEY_UIApplicationSupportsIndirectInputEvents = YES;
				INFOPLIST_KEY_UILaunchScreen_Generation = YES;
				INFOPLIST_KEY_UISupportedInterfaceOrientations_iPad = "UIInterfaceOrientationPortrait UIInterfaceOrientationPortraitUpsideDown UIInterfaceOrientationLandscapeLeft UIInterfaceOrientationLandscapeRight";
				INFOPLIST_KEY_UISupportedInterfaceOrientations_iPhone = "UIInterfaceOrientationPortrait UIInterfaceOrientationLandscapeLeft UIInterfaceOrientationLandscapeRight";
				IPHONEOS_DEPLOYMENT_TARGET = 15.0;
				LD_RUNPATH_SEARCH_PATHS = (
					"$(inherited)",
					"@executable_path/Frameworks",
				);
				MARKETING_VERSION = 1.0;
				PRODUCT_BUNDLE_IDENTIFIER = rz.HackerNews;
				PRODUCT_NAME = HackerNews;
				SWIFT_EMIT_LOC_STRINGS = YES;
				SWIFT_VERSION = 5.0;
				TARGETED_DEVICE_FAMILY = 1;
			};
			name = Release;
		};
/* End XCBuildConfiguration section */

/* Begin XCConfigurationList section */
		3057AC942701F94B0091AC4E /* Build configuration list for PBXProject "HackerNews" */ = {
			isa = XCConfigurationList;
			buildConfigurations = (
				3057ACA52701F94D0091AC4E /* Debug */,
				3057ACA62701F94D0091AC4E /* Release */,
			);
			defaultConfigurationIsVisible = 0;
			defaultConfigurationName = Release;
		};
		3057ACA72701F94D0091AC4E /* Build configuration list for PBXNativeTarget "HackerNews" */ = {
			isa = XCConfigurationList;
			buildConfigurations = (
				3057ACA82701F94D0091AC4E /* Debug */,
				3057ACA92701F94D0091AC4E /* Release */,
			);
			defaultConfigurationIsVisible = 0;
			defaultConfigurationName = Release;
		};
/* End XCConfigurationList section */
	};
	rootObject = 3057AC912701F94B0091AC4E /* Project object */;
}
